
Microsoft Visual Studio Solution File, Format Version 12.00
# Visual Studio 15
VisualStudioVersion = 15.0.28307.705
MinimumVisualStudioVersion = 10.0.40219.1
Project("{FAE04EC0-301F-11D3-BF4B-00C04F79EFBC}") = "Navegador", "Navegador\Navegador.csproj", "{95A13A3D-F4A0-4724-9B0D-8687942AC1DF}"
EndProject
Global
	GlobalSection(SolutionConfigurationPlatforms) = preSolution
		Debug|Any CPU = Debug|Any CPU
		Release|Any CPU = Release|Any CPU
	EndGlobalSection
	GlobalSection(ProjectConfigurationPlatforms) = postSolution
		{95A13A3D-F4A0-4724-9B0D-8687942AC1DF}.Debug|Any CPU.ActiveCfg = Debug|Any CPU
		{95A13A3D-F4A0-4724-9B0D-8687942AC1DF}.Debug|Any CPU.Build.0 = Debug|Any CPU
		{95A13A3D-F4A0-4724-9B0D-8687942AC1DF}.Debug|Any CPU.Deploy.0 = Debug|Any CPU
		{95A13A3D-F4A0-4724-9B0D-8687942AC1DF}.Release|Any CPU.ActiveCfg = Release|Any CPU
		{95A13A3D-F4A0-4724-9B0D-8687942AC1DF}.Release|Any CPU.Build.0 = Release|Any CPU
		{95A13A3D-F4A0-4724-9B0D-8687942AC1DF}.Release|Any CPU.Deploy.0 = Release|Any CPU
	EndGlobalSection
	GlobalSection(SolutionProperties) = preSolution
		HideSolutionNode = FALSE
	EndGlobalSection
	GlobalSection(ExtensibilityGlobals) = postSolution
		SolutionGuid = {408A17FD-2C0D-4C9D-8837-D7F25DEFA756}
	EndGlobalSection
EndGlobal
